
Microsoft Visual Studio Solution File, Format Version 12.00
# Visual Studio Version 16
VisualStudioVersion = 16.0.30621.155
MinimumVisualStudioVersion = 10.0.40219.1
Project("{FAE04EC0-301F-11D3-BF4B-00C04F79EFBC}") = "ServiceDeskToolsCore", "ServiceDeskToolsCore\ServiceDeskToolsCore.csproj", "{2A3BCCC5-C200-4710-AF8F-E211822097B7}"
EndProject
Global
	GlobalSection(SolutionConfigurationPlatforms) = preSolution
		Debug|Any CPU = Debug|Any CPU
		Release|Any CPU = Release|Any CPU
	EndGlobalSection
	GlobalSection(ProjectConfigurationPlatforms) = postSolution
		{2A3BCCC5-C200-4710-AF8F-E211822097B7}.Debug|Any CPU.ActiveCfg = Debug|Any CPU
		{2A3BCCC5-C200-4710-AF8F-E211822097B7}.Debug|Any CPU.Build.0 = Debug|Any CPU
		{2A3BCCC5-C200-4710-AF8F-E211822097B7}.Release|Any CPU.ActiveCfg = Release|Any CPU
		{2A3BCCC5-C200-4710-AF8F-E211822097B7}.Release|Any CPU.Build.0 = Release|Any CPU
	EndGlobalSection
	GlobalSection(SolutionProperties) = preSolution
		HideSolutionNode = FALSE
	EndGlobalSection
	GlobalSection(ExtensibilityGlobals) = postSolution
		SolutionGuid = {A3B28FEB-CD24-4565-B396-F528D2CE0B9F}
	EndGlobalSection
EndGlobal
